
Microsoft Visual Studio Solution File, Format Version 12.00
# Visual Studio Version 17
VisualStudioVersion = 17.4.33122.133
MinimumVisualStudioVersion = 10.0.40219.1
Project("{FAE04EC0-301F-11D3-BF4B-00C04F79EFBC}") = "AlbertoValverdeFactoryMethod", "AlbertoValverdeFactoryMethod.csproj", "{1B71C6D6-5779-461E-BE67-814F251876FD}"
EndProject
Global
	GlobalSection(SolutionConfigurationPlatforms) = preSolution
		Debug|Any CPU = Debug|Any CPU
		Release|Any CPU = Release|Any CPU
	EndGlobalSection
	GlobalSection(ProjectConfigurationPlatforms) = postSolution
		{1B71C6D6-5779-461E-BE67-814F251876FD}.Debug|Any CPU.ActiveCfg = Debug|Any CPU
		{1B71C6D6-5779-461E-BE67-814F251876FD}.Debug|Any CPU.Build.0 = Debug|Any CPU
		{1B71C6D6-5779-461E-BE67-814F251876FD}.Release|Any CPU.ActiveCfg = Release|Any CPU
		{1B71C6D6-5779-461E-BE67-814F251876FD}.Release|Any CPU.Build.0 = Release|Any CPU
	EndGlobalSection
	GlobalSection(SolutionProperties) = preSolution
		HideSolutionNode = FALSE
	EndGlobalSection
	GlobalSection(ExtensibilityGlobals) = postSolution
		SolutionGuid = {2BCD68CF-F758-4F3B-8EC1-DB82FF75D4B3}
	EndGlobalSection
EndGlobal
